
Microsoft Visual Studio Solution File, Format Version 12.00
# Visual Studio Version 17
VisualStudioVersion = 17.6.33723.286
MinimumVisualStudioVersion = 10.0.40219.1
Project("{FAE04EC0-301F-11D3-BF4B-00C04F79EFBC}") = "Fullstack.Api", "Fullstack.Api\Fullstack.Api.csproj", "{60962BDC-03AA-49FD-8B8D-762B6B92AE97}"
EndProject
Global
	GlobalSection(SolutionConfigurationPlatforms) = preSolution
		Debug|Any CPU = Debug|Any CPU
		Release|Any CPU = Release|Any CPU
	EndGlobalSection
	GlobalSection(ProjectConfigurationPlatforms) = postSolution
		{60962BDC-03AA-49FD-8B8D-762B6B92AE97}.Debug|Any CPU.ActiveCfg = Debug|Any CPU
		{60962BDC-03AA-49FD-8B8D-762B6B92AE97}.Debug|Any CPU.Build.0 = Debug|Any CPU
		{60962BDC-03AA-49FD-8B8D-762B6B92AE97}.Release|Any CPU.ActiveCfg = Release|Any CPU
		{60962BDC-03AA-49FD-8B8D-762B6B92AE97}.Release|Any CPU.Build.0 = Release|Any CPU
	EndGlobalSection
	GlobalSection(SolutionProperties) = preSolution
		HideSolutionNode = FALSE
	EndGlobalSection
	GlobalSection(ExtensibilityGlobals) = postSolution
		SolutionGuid = {E839A9CD-929C-4A2C-AB18-E3DE5D9A7764}
	EndGlobalSection
EndGlobal
